
Microsoft Visual Studio Solution File, Format Version 12.00
# Visual Studio 14
VisualStudioVersion = 14.0.25420.1
MinimumVisualStudioVersion = 10.0.40219.1
Project("{FAE04EC0-301F-11D3-BF4B-00C04F79EFBC}") = "SMA.Model", "SMA.Model\SMA.Model.csproj", "{CCD03438-8798-4CAA-8C71-8F9C6D3AF892}"
EndProject
Project("{FAE04EC0-301F-11D3-BF4B-00C04F79EFBC}") = "SMA.Data", "SMA.Data\SMA.Data.csproj", "{D551E1CB-1D07-441D-970B-54D235AC991F}"
EndProject
Project("{FAE04EC0-301F-11D3-BF4B-00C04F79EFBC}") = "SMA.Web", "SMA.Web\SMA.Web.csproj", "{620B09FE-48B5-4A63-9BAD-D4517F5FA081}"
EndProject
Project("{FAE04EC0-301F-11D3-BF4B-00C04F79EFBC}") = "SMA.DTO", "SMA.DTO\SMA.DTO.csproj", "{D3DC344E-0BA3-4D00-87A7-1F61A5E41394}"
EndProject
Project("{FAE04EC0-301F-11D3-BF4B-00C04F79EFBC}") = "SMA.StockManagerService", "SMA.StockManagerService\SMA.StockManagerService.csproj", "{1FB9785F-259A-41AC-BE9E-7EBC0A6C90D7}"
EndProject
Global
	GlobalSection(SolutionConfigurationPlatforms) = preSolution
		Debug|Any CPU = Debug|Any CPU
		Release|Any CPU = Release|Any CPU
	EndGlobalSection
	GlobalSection(ProjectConfigurationPlatforms) = postSolution
		{CCD03438-8798-4CAA-8C71-8F9C6D3AF892}.Debug|Any CPU.ActiveCfg = Debug|Any CPU
		{CCD03438-8798-4CAA-8C71-8F9C6D3AF892}.Debug|Any CPU.Build.0 = Debug|Any CPU
		{CCD03438-8798-4CAA-8C71-8F9C6D3AF892}.Release|Any CPU.ActiveCfg = Release|Any CPU
		{CCD03438-8798-4CAA-8C71-8F9C6D3AF892}.Release|Any CPU.Build.0 = Release|Any CPU
		{D551E1CB-1D07-441D-970B-54D235AC991F}.Debug|Any CPU.ActiveCfg = Debug|Any CPU
		{D551E1CB-1D07-441D-970B-54D235AC991F}.Debug|Any CPU.Build.0 = Debug|Any CPU
		{D551E1CB-1D07-441D-970B-54D235AC991F}.Release|Any CPU.ActiveCfg = Release|Any CPU
		{D551E1CB-1D07-441D-970B-54D235AC991F}.Release|Any CPU.Build.0 = Release|Any CPU
		{620B09FE-48B5-4A63-9BAD-D4517F5FA081}.Debug|Any CPU.ActiveCfg = Debug|Any CPU
		{620B09FE-48B5-4A63-9BAD-D4517F5FA081}.Debug|Any CPU.Build.0 = Debug|Any CPU
		{620B09FE-48B5-4A63-9BAD-D4517F5FA081}.Release|Any CPU.ActiveCfg = Release|Any CPU
		{620B09FE-48B5-4A63-9BAD-D4517F5FA081}.Release|Any CPU.Build.0 = Release|Any CPU
		{D3DC344E-0BA3-4D00-87A7-1F61A5E41394}.Debug|Any CPU.ActiveCfg = Debug|Any CPU
		{D3DC344E-0BA3-4D00-87A7-1F61A5E41394}.Debug|Any CPU.Build.0 = Debug|Any CPU
		{D3DC344E-0BA3-4D00-87A7-1F61A5E41394}.Release|Any CPU.ActiveCfg = Release|Any CPU
		{D3DC344E-0BA3-4D00-87A7-1F61A5E41394}.Release|Any CPU.Build.0 = Release|Any CPU
		{1FB9785F-259A-41AC-BE9E-7EBC0A6C90D7}.Debug|Any CPU.ActiveCfg = Debug|Any CPU
		{1FB9785F-259A-41AC-BE9E-7EBC0A6C90D7}.Debug|Any CPU.Build.0 = Debug|Any CPU
		{1FB9785F-259A-41AC-BE9E-7EBC0A6C90D7}.Release|Any CPU.ActiveCfg = Release|Any CPU
		{1FB9785F-259A-41AC-BE9E-7EBC0A6C90D7}.Release|Any CPU.Build.0 = Release|Any CPU
	EndGlobalSection
	GlobalSection(SolutionProperties) = preSolution
		HideSolutionNode = FALSE
	EndGlobalSection
EndGlobal
